Microsoft Visual Studio Solution File, Format Version 11.00
# Visual Studio 2008

Project("{5F717D2A-C418-26F2-B7CB-DC6C8508873C}") = "Terrain1", "Assembly-CSharp-firstpass.csproj", "{7ACDD914-E9A1-E19D-007B-8DC29E83FE0C}"
EndProject
Project("{5F717D2A-C418-26F2-B7CB-DC6C8508873C}") = "Terrain1", "Assembly-CSharp.csproj", "{84D603AE-851E-D998-BAE8-AA3BCAD25CC6}"
EndProject
Project("{5F717D2A-C418-26F2-B7CB-DC6C8508873C}") = "Terrain1", "Assembly-CSharp-Editor.csproj", "{8B90A57D-D8C3-C66F-A699-1E9846E0EE1D}"
EndProject
Global
	GlobalSection(SolutionConfigurationPlatforms) = preSolution
		Debug|Any CPU = Debug|Any CPU
		Release|Any CPU = Release|Any CPU
	EndGlobalSection
	GlobalSection(ProjectConfigurationPlatforms) = postSolution
		{7ACDD914-E9A1-E19D-007B-8DC29E83FE0C}.Debug|Any CPU.ActiveCfg = Debug|Any CPU
		{7ACDD914-E9A1-E19D-007B-8DC29E83FE0C}.Debug|Any CPU.Build.0 = Debug|Any CPU
		{7ACDD914-E9A1-E19D-007B-8DC29E83FE0C}.Release|Any CPU.ActiveCfg = Release|Any CPU
		{7ACDD914-E9A1-E19D-007B-8DC29E83FE0C}.Release|Any CPU.Build.0 = Release|Any CPU
		{84D603AE-851E-D998-BAE8-AA3BCAD25CC6}.Debug|Any CPU.ActiveCfg = Debug|Any CPU
		{84D603AE-851E-D998-BAE8-AA3BCAD25CC6}.Debug|Any CPU.Build.0 = Debug|Any CPU
		{84D603AE-851E-D998-BAE8-AA3BCAD25CC6}.Release|Any CPU.ActiveCfg = Release|Any CPU
		{84D603AE-851E-D998-BAE8-AA3BCAD25CC6}.Release|Any CPU.Build.0 = Release|Any CPU
		{8B90A57D-D8C3-C66F-A699-1E9846E0EE1D}.Debug|Any CPU.ActiveCfg = Debug|Any CPU
		{8B90A57D-D8C3-C66F-A699-1E9846E0EE1D}.Debug|Any CPU.Build.0 = Debug|Any CPU
		{8B90A57D-D8C3-C66F-A699-1E9846E0EE1D}.Release|Any CPU.ActiveCfg = Release|Any CPU
		{8B90A57D-D8C3-C66F-A699-1E9846E0EE1D}.Release|Any CPU.Build.0 = Release|Any CPU
	EndGlobalSection
	GlobalSection(SolutionProperties) = preSolution
		HideSolutionNode = FALSE
	EndGlobalSection
	GlobalSection(MonoDevelopProperties) = preSolution
		StartupItem = Assembly-CSharp.csproj
	EndGlobalSection
EndGlobal
